
Microsoft Visual Studio Solution File, Format Version 12.00
# Visual Studio Version 17
VisualStudioVersion = 17.13.35828.75 d17.13
MinimumVisualStudioVersion = 10.0.40219.1
Project("{888888A0-9F3D-457C-B088-3A5042F75D52}") = "doxz-fuck", "doxz-fuck\doxz-fuck.pyproj", "{F6CF1871-398F-4B79-B5AE-4F398B23ED64}"
EndProject
Global
	GlobalSection(SolutionConfigurationPlatforms) = preSolution
		Debug|Any CPU = Debug|Any CPU
		Release|Any CPU = Release|Any CPU
	EndGlobalSection
	GlobalSection(ProjectConfigurationPlatforms) = postSolution
		{F6CF1871-398F-4B79-B5AE-4F398B23ED64}.Debug|Any CPU.ActiveCfg = Debug|Any CPU
		{F6CF1871-398F-4B79-B5AE-4F398B23ED64}.Release|Any CPU.ActiveCfg = Release|Any CPU
	EndGlobalSection
	GlobalSection(SolutionProperties) = preSolution
		HideSolutionNode = FALSE
	EndGlobalSection
	GlobalSection(ExtensibilityGlobals) = postSolution
		SolutionGuid = {014432A4-D7F8-49CC-B23D-787DEFEE3B88}
	EndGlobalSection
EndGlobal
